
Microsoft Visual Studio Solution File, Format Version 12.00
# Visual Studio Version 17
VisualStudioVersion = 17.5.33103.201
MinimumVisualStudioVersion = 10.0.40219.1
Project("{FAE04EC0-301F-11D3-BF4B-00C04F79EFBC}") = "TQDB-Editor", "TQDB-Editor.csproj", "{FBF9F5A1-E60B-412B-9161-FA0E4A40DA3C}"
EndProject
Global
	GlobalSection(SolutionConfigurationPlatforms) = preSolution
		Debug|Any CPU = Debug|Any CPU
		Release|Any CPU = Release|Any CPU
	EndGlobalSection
	GlobalSection(ProjectConfigurationPlatforms) = postSolution
		{FBF9F5A1-E60B-412B-9161-FA0E4A40DA3C}.Debug|Any CPU.ActiveCfg = Debug|Any CPU
		{FBF9F5A1-E60B-412B-9161-FA0E4A40DA3C}.Debug|Any CPU.Build.0 = Debug|Any CPU
		{FBF9F5A1-E60B-412B-9161-FA0E4A40DA3C}.Release|Any CPU.ActiveCfg = Release|Any CPU
		{FBF9F5A1-E60B-412B-9161-FA0E4A40DA3C}.Release|Any CPU.Build.0 = Release|Any CPU
	EndGlobalSection
	GlobalSection(SolutionProperties) = preSolution
		HideSolutionNode = FALSE
	EndGlobalSection
	GlobalSection(ExtensibilityGlobals) = postSolution
		SolutionGuid = {9D4BE2E5-5913-4F34-8DE0-C6B840C3176D}
	EndGlobalSection
EndGlobal
