Microsoft Visual Studio Solution File, Format Version 12.00
# Visual Studio 2012
Project("{FAE04EC0-301F-11D3-BF4B-00C04F79EFBC}") = "TQDB-Editor", "TQDB-Editor.csproj", "{58F0C856-C41E-4603-A800-20A72AB9677C}"
EndProject
Global
	GlobalSection(SolutionConfigurationPlatforms) = preSolution
	Debug|Any CPU = Debug|Any CPU
	ExportDebug|Any CPU = ExportDebug|Any CPU
	ExportRelease|Any CPU = ExportRelease|Any CPU
	EndGlobalSection
	GlobalSection(ProjectConfigurationPlatforms) = postSolution
		{58F0C856-C41E-4603-A800-20A72AB9677C}.Debug|Any CPU.ActiveCfg = Debug|Any CPU
		{58F0C856-C41E-4603-A800-20A72AB9677C}.Debug|Any CPU.Build.0 = Debug|Any CPU
		{58F0C856-C41E-4603-A800-20A72AB9677C}.ExportDebug|Any CPU.ActiveCfg = ExportDebug|Any CPU
		{58F0C856-C41E-4603-A800-20A72AB9677C}.ExportDebug|Any CPU.Build.0 = ExportDebug|Any CPU
		{58F0C856-C41E-4603-A800-20A72AB9677C}.ExportRelease|Any CPU.ActiveCfg = ExportRelease|Any CPU
		{58F0C856-C41E-4603-A800-20A72AB9677C}.ExportRelease|Any CPU.Build.0 = ExportRelease|Any CPU
	EndGlobalSection
EndGlobal
