
Microsoft Visual Studio Solution File, Format Version 12.00
# Visual Studio Version 17
VisualStudioVersion = 17.5.33414.496
MinimumVisualStudioVersion = 10.0.40219.1
Project("{FAE04EC0-301F-11D3-BF4B-00C04F79EFBC}") = "TQDBEditor", "TQDBEditor.csproj", "{2EBD3A33-B456-450A-9A28-25B27144F0D2}"
EndProject
Global
	GlobalSection(SolutionConfigurationPlatforms) = preSolution
		Debug|Any CPU = Debug|Any CPU
		Release|Any CPU = Release|Any CPU
	EndGlobalSection
	GlobalSection(ProjectConfigurationPlatforms) = postSolution
		{2EBD3A33-B456-450A-9A28-25B27144F0D2}.Debug|Any CPU.ActiveCfg = Debug|Any CPU
		{2EBD3A33-B456-450A-9A28-25B27144F0D2}.Debug|Any CPU.Build.0 = Debug|Any CPU
		{2EBD3A33-B456-450A-9A28-25B27144F0D2}.Release|Any CPU.ActiveCfg = Release|Any CPU
		{2EBD3A33-B456-450A-9A28-25B27144F0D2}.Release|Any CPU.Build.0 = Release|Any CPU
	EndGlobalSection
	GlobalSection(SolutionProperties) = preSolution
		HideSolutionNode = FALSE
	EndGlobalSection
	GlobalSection(ExtensibilityGlobals) = postSolution
		SolutionGuid = {63A8450B-EFC6-4C83-8EC2-6A84026FB50A}
	EndGlobalSection
EndGlobal
